// !$*UTF8*$!
{
	archiveVersion = 1;
	classes = {
	};
	objectVersion = 77;
	objects = {

/* Begin PBXBuildFile section */
		5E7C00122F9B010000EC9B5 /* AVFoundation.framework in Frameworks */ = {isa = PBXBuildFile; fileRef = 5E7C00102F9B010000EC9B5 /* AVFoundation.framework */; };
		5E7C00132F9B010000EC9B5 /* CallKit.framework in Frameworks */ = {isa = PBXBuildFile; fileRef = 5E7C00112F9B010000EC9B5 /* CallKit.framework */; };
		4EA05B712F8EA72A008954D8 /* UserNotifications.framework in Frameworks */ = {isa = PBXBuildFile; fileRef = 4EA05B702F8EA72A008954D8 /* UserNotifications.framework */; };
		4ECB0A462F8D84C9009066DD /* GoogleSignIn in Frameworks */ = {isa = PBXBuildFile; productRef = 4ECB0A452F8D84C9009066DD /* GoogleSignIn */; };
		4EDB520A2F8FA12E003DC578 /* Intents.framework in Frameworks */ = {isa = PBXBuildFile; fileRef = 4EDB52092F8FA12E003DC578 /* Intents.framework */; };
		4EDB52112F8FA12E003DC578 /* GigiIntents.appex in Embed Foundation Extensions */ = {isa = PBXBuildFile; fileRef = 4EDB52082F8FA12E003DC578 /* GigiIntents.appex */; settings = {ATTRIBUTES = (RemoveHeadersOnCopy, ); }; };
/* End PBXBuildFile section */

/* Begin PBXContainerItemProxy section */
		4EDB520F2F8FA12E003DC578 /* PBXContainerItemProxy */ = {
			isa = PBXContainerItemProxy;
			containerPortal = 4E4F37872F898626005EC9B5 /* Project object */;
			proxyType = 1;
			remoteGlobalIDString = 4EDB52072F8FA12E003DC578;
			remoteInfo = GigiIntents;
		};
/* End PBXContainerItemProxy section */

/* Begin PBXCopyFilesBuildPhase section */
		4ECB0A112F8D17A0009066DD /* Embed Foundation Extensions */ = {
			isa = PBXCopyFilesBuildPhase;
			buildActionMask = 2147483647;
			dstPath = "";
			dstSubfolderSpec = 13;
			files = (
				4EDB52112F8FA12E003DC578 /* GigiIntents.appex in Embed Foundation Extensions */,
			);
			name = "Embed Foundation Extensions";
			runOnlyForDeploymentPostprocessing = 0;
		};
		4EDB52012F8F9272003DC578 /* Embed ExtensionKit Extensions */ = {
			isa = PBXCopyFilesBuildPhase;
			buildActionMask = 2147483647;
			dstPath = "$(EXTENSIONS_FOLDER_PATH)";
			dstSubfolderSpec = 16;
			files = (
			);
			name = "Embed ExtensionKit Extensions";
			runOnlyForDeploymentPostprocessing = 0;
		};
/* End PBXCopyFilesBuildPhase section */

/* Begin PBXFileReference section */
		5E7C00102F9B010000EC9B5 /* AVFoundation.framework */ = {isa = PBXFileReference; lastKnownFileType = wrapper.framework; name = AVFoundation.framework; path = System/Library/Frameworks/AVFoundation.framework; sourceTree = SDKROOT; };
		5E7C00112F9B010000EC9B5 /* CallKit.framework */ = {isa = PBXFileReference; lastKnownFileType = wrapper.framework; name = CallKit.framework; path = System/Library/Frameworks/CallKit.framework; sourceTree = SDKROOT; };
		4E4F378F2F898626005EC9B5 /* GIGI.app */ = {isa = PBXFileReference; explicitFileType = wrapper.application; includeInIndex = 0; path = GIGI.app; sourceTree = BUILT_PRODUCTS_DIR; };
		4EA05B702F8EA72A008954D8 /* UserNotifications.framework */ = {isa = PBXFileReference; lastKnownFileType = wrapper.framework; name = UserNotifications.framework; path = System/Library/Frameworks/UserNotifications.framework; sourceTree = SDKROOT; };
		4ECB09FF2F8D179F009066DD /* WidgetKit.framework */ = {isa = PBXFileReference; lastKnownFileType = wrapper.framework; name = WidgetKit.framework; path = System/Library/Frameworks/WidgetKit.framework; sourceTree = SDKROOT; };
		4ECB0A012F8D179F009066DD /* SwiftUI.framework */ = {isa = PBXFileReference; lastKnownFileType = wrapper.framework; name = SwiftUI.framework; path = System/Library/Frameworks/SwiftUI.framework; sourceTree = SDKROOT; };
		4EDB52082F8FA12E003DC578 /* GigiIntents.appex */ = {isa = PBXFileReference; explicitFileType = "wrapper.app-extension"; includeInIndex = 0; path = GigiIntents.appex; sourceTree = BUILT_PRODUCTS_DIR; };
		4EDB52092F8FA12E003DC578 /* Intents.framework */ = {isa = PBXFileReference; lastKnownFileType = wrapper.framework; name = Intents.framework; path = System/Library/Frameworks/Intents.framework; sourceTree = SDKROOT; };
/* End PBXFileReference section */

/* Begin PBXFileSystemSynchronizedBuildFileExceptionSet section */
		4ECB09F92F8BE38A009066DD /* Exceptions for "GIGI" folder in "GIGI" target */ = {
			isa = PBXFileSystemSynchronizedBuildFileExceptionSet;
			membershipExceptions = (
				Info.plist,
			);
			target = 4E4F378E2F898626005EC9B5 /* GIGI */;
		};
		4EDB52152F8FA12E003DC578 /* Exceptions for "GigiIntents" folder in "GigiIntents" target */ = {
			isa = PBXFileSystemSynchronizedBuildFileExceptionSet;
			membershipExceptions = (
				Info.plist,
			);
			target = 4EDB52072F8FA12E003DC578 /* GigiIntents */;
		};
/* End PBXFileSystemSynchronizedBuildFileExceptionSet section */

/* Begin PBXFileSystemSynchronizedRootGroup section */
		4E4F37912F898626005EC9B5 /* GIGI */ = {
			isa = PBXFileSystemSynchronizedRootGroup;
			exceptions = (
				4ECB09F92F8BE38A009066DD /* Exceptions for "GIGI" folder in "GIGI" target */,
			);
			path = GIGI;
			sourceTree = "<group>";
		};
		4EDB520B2F8FA12E003DC578 /* GigiIntents */ = {
			isa = PBXFileSystemSynchronizedRootGroup;
			exceptions = (
				4EDB52152F8FA12E003DC578 /* Exceptions for "GigiIntents" folder in "GigiIntents" target */,
			);
			path = GigiIntents;
			sourceTree = "<group>";
		};
/* End PBXFileSystemSynchronizedRootGroup section */

/* Begin PBXFrameworksBuildPhase section */
		4E4F378C2F898626005EC9B5 /* Frameworks */ = {
			isa = PBXFrameworksBuildPhase;
			buildActionMask = 2147483647;
			files = (
				5E7C00122F9B010000EC9B5 /* AVFoundation.framework in Frameworks */,
				5E7C00132F9B010000EC9B5 /* CallKit.framework in Frameworks */,
				4EA05B712F8EA72A008954D8 /* UserNotifications.framework in Frameworks */,
				4ECB0A462F8D84C9009066DD /* GoogleSignIn in Frameworks */,
			);
			runOnlyForDeploymentPostprocessing = 0;
		};
		4EDB52052F8FA12E003DC578 /* Frameworks */ = {
			isa = PBXFrameworksBuildPhase;
			buildActionMask = 2147483647;
			files = (
				4EDB520A2F8FA12E003DC578 /* Intents.framework in Frameworks */,
			);
			runOnlyForDeploymentPostprocessing = 0;
		};
/* End PBXFrameworksBuildPhase section */

/* Begin PBXGroup section */
		4E4F37862F898626005EC9B5 = {
			isa = PBXGroup;
			children = (
				4E4F37912F898626005EC9B5 /* GIGI */,
				4EDB520B2F8FA12E003DC578 /* GigiIntents */,
				4E4F37A22F898FCA005EC9B5 /* Frameworks */,
				4E4F37902F898626005EC9B5 /* Products */,
			);
			sourceTree = "<group>";
		};
		4E4F37902F898626005EC9B5 /* Products */ = {
			isa = PBXGroup;
			children = (
				4E4F378F2F898626005EC9B5 /* GIGI.app */,
				4EDB52082F8FA12E003DC578 /* GigiIntents.appex */,
			);
			name = Products;
			sourceTree = "<group>";
		};
		4E4F37A22F898FCA005EC9B5 /* Frameworks */ = {
			isa = PBXGroup;
			children = (
				5E7C00102F9B010000EC9B5 /* AVFoundation.framework */,
				5E7C00112F9B010000EC9B5 /* CallKit.framework */,
				4EA05B702F8EA72A008954D8 /* UserNotifications.framework */,
				4ECB09FF2F8D179F009066DD /* WidgetKit.framework */,
				4ECB0A012F8D179F009066DD /* SwiftUI.framework */,
				4EDB52092F8FA12E003DC578 /* Intents.framework */,
			);
			name = Frameworks;
			sourceTree = "<group>";
		};
/* End PBXGroup section */

/* Begin PBXNativeTarget section */
		4E4F378E2F898626005EC9B5 /* GIGI */ = {
			isa = PBXNativeTarget;
			buildConfigurationList = 4E4F379A2F898627005EC9B5 /* Build configuration list for PBXNativeTarget "GIGI" */;
			buildPhases = (
				4E4F378B2F898626005EC9B5 /* Sources */,
				4E4F378C2F898626005EC9B5 /* Frameworks */,
				4E4F378D2F898626005EC9B5 /* Resources */,
				4ECB0A112F8D17A0009066DD /* Embed Foundation Extensions */,
				4EDB52012F8F9272003DC578 /* Embed ExtensionKit Extensions */,
			);
			buildRules = (
			);
			dependencies = (
				4EDB52102F8FA12E003DC578 /* PBXTargetDependency */,
			);
			fileSystemSynchronizedGroups = (
				4E4F37912F898626005EC9B5 /* GIGI */,
			);
			name = GIGI;
			packageProductDependencies = (
				4ECB0A452F8D84C9009066DD /* GoogleSignIn */,
			);
			productName = GIGI;
			productReference = 4E4F378F2F898626005EC9B5 /* GIGI.app */;
			productType = "com.apple.product-type.application";
		};
		4EDB52072F8FA12E003DC578 /* GigiIntents */ = {
			isa = PBXNativeTarget;
			buildConfigurationList = 4EDB52122F8FA12E003DC578 /* Build configuration list for PBXNativeTarget "GigiIntents" */;
			buildPhases = (
				4EDB52042F8FA12E003DC578 /* Sources */,
				4EDB52052F8FA12E003DC578 /* Frameworks */,
				4EDB52062F8FA12E003DC578 /* Resources */,
			);
			buildRules = (
			);
			dependencies = (
			);
			fileSystemSynchronizedGroups = (
				4EDB520B2F8FA12E003DC578 /* GigiIntents */,
			);
			name = GigiIntents;
			packageProductDependencies = (
			);
			productName = GigiIntents;
			productReference = 4EDB52082F8FA12E003DC578 /* GigiIntents.appex */;
			productType = "com.apple.product-type.app-extension";
		};
/* End PBXNativeTarget section */

/* Begin PBXProject section */
		4E4F37872F898626005EC9B5 /* Project object */ = {
			isa = PBXProject;
			attributes = {
				BuildIndependentTargetsInParallel = 1;
				LastSwiftUpdateCheck = 2620;
				LastUpgradeCheck = 2620;
				TargetAttributes = {
					4E4F378E2F898626005EC9B5 = {
						CreatedOnToolsVersion = 26.2;
					};
					4EDB52072F8FA12E003DC578 = {
						CreatedOnToolsVersion = 26.2;
					};
				};
			};
			buildConfigurationList = 4E4F378A2F898626005EC9B5 /* Build configuration list for PBXProject "GIGI" */;
			developmentRegion = en;
			hasScannedForEncodings = 0;
			knownRegions = (
				en,
				Base,
			);
			mainGroup = 4E4F37862F898626005EC9B5;
			minimizedProjectReferenceProxies = 1;
			packageReferences = (
				4ECB0A2D2F8D7731009066DD /* XCRemoteSwiftPackageReference "GoogleSignIn-iOS" */,
			);
			preferredProjectObjectVersion = 77;
			productRefGroup = 4E4F37902F898626005EC9B5 /* Products */;
			projectDirPath = "";
			projectRoot = "";
			targets = (
				4E4F378E2F898626005EC9B5 /* GIGI */,
				4EDB52072F8FA12E003DC578 /* GigiIntents */,
			);
		};
/* End PBXProject section */

/* Begin PBXResourcesBuildPhase section */
		4E4F378D2F898626005EC9B5 /* Resources */ = {
			isa = PBXResourcesBuildPhase;
			buildActionMask = 2147483647;
			files = (
			);
			runOnlyForDeploymentPostprocessing = 0;
		};
		4EDB52062F8FA12E003DC578 /* Resources */ = {
			isa = PBXResourcesBuildPhase;
			buildActionMask = 2147483647;
			files = (
			);
			runOnlyForDeploymentPostprocessing = 0;
		};
/* End PBXResourcesBuildPhase section */

/* Begin PBXSourcesBuildPhase section */
		4E4F378B2F898626005EC9B5 /* Sources */ = {
			isa = PBXSourcesBuildPhase;
			buildActionMask = 2147483647;
			files = (
			);
			runOnlyForDeploymentPostprocessing = 0;
		};
		4EDB52042F8FA12E003DC578 /* Sources */ = {
			isa = PBXSourcesBuildPhase;
			buildActionMask = 2147483647;
			files = (
			);
			runOnlyForDeploymentPostprocessing = 0;
		};
/* End PBXSourcesBuildPhase section */

/* Begin PBXTargetDependency section */
		4EDB52102F8FA12E003DC578 /* PBXTargetDependency */ = {
			isa = PBXTargetDependency;
			target = 4EDB52072F8FA12E003DC578 /* GigiIntents */;
			targetProxy = 4EDB520F2F8FA12E003DC578 /* PBXContainerItemProxy */;
		};
/* End PBXTargetDependency section */

/* Begin XCBuildConfiguration section */
		4E4F37982F898627005EC9B5 /* Debug */ = {
			isa = XCBuildConfiguration;
			buildSettings = {
				ALWAYS_SEARCH_USER_PATHS = NO;
				ASSETCATALOG_COMPILER_GENERATE_SWIFT_ASSET_SYMBOL_EXTENSIONS = YES;
				CLANG_ANALYZER_NONNULL = YES;
				CLANG_ANALYZER_NUMBER_OBJECT_CONVERSION = YES_AGGRESSIVE;
				CLANG_CXX_LANGUAGE_STANDARD = "gnu++20";
				CLANG_ENABLE_MODULES = YES;
				CLANG_ENABLE_OBJC_ARC = YES;
				CLANG_ENABLE_OBJC_WEAK = YES;
				CLANG_WARN_BLOCK_CAPTURE_AUTORELEASING = YES;
				CLANG_WARN_BOOL_CONVERSION = YES;
				CLANG_WARN_COMMA = YES;
				CLANG_WARN_CONSTANT_CONVERSION = YES;
				CLANG_WARN_DEPRECATED_OBJC_IMPLEMENTATIONS = YES;
				CLANG_WARN_DIRECT_OBJC_ISA_USAGE = YES_ERROR;
				CLANG_WARN_DOCUMENTATION_COMMENTS = YES;
				CLANG_WARN_EMPTY_BODY = YES;
				CLANG_WARN_ENUM_CONVERSION = YES;
				CLANG_WARN_INFINITE_RECURSION = YES;
				CLANG_WARN_INT_CONVERSION = YES;
				CLANG_WARN_NON_LITERAL_NULL_CONVERSION = YES;
				CLANG_WARN_OBJC_IMPLICIT_RETAIN_SELF = YES;
				CLANG_WARN_OBJC_LITERAL_CONVERSION = YES;
				CLANG_WARN_OBJC_ROOT_CLASS = YES_ERROR;
				CLANG_WARN_QUOTED_INCLUDE_IN_FRAMEWORK_HEADER = YES;
				CLANG_WARN_RANGE_LOOP_ANALYSIS = YES;
				CLANG_WARN_STRICT_PROTOTYPES = YES;
				CLANG_WARN_SUSPICIOUS_MOVE = YES;
				CLANG_WARN_UNGUARDED_AVAILABILITY = YES_AGGRESSIVE;
				CLANG_WARN_UNREACHABLE_CODE = YES;
				CLANG_WARN__DUPLICATE_METHOD_MATCH = YES;
				COPY_PHASE_STRIP = NO;
				DEBUG_INFORMATION_FORMAT = dwarf;
				DEVELOPMENT_TEAM = R5N92QSPQ6;
				ENABLE_STRICT_OBJC_MSGSEND = YES;
				ENABLE_TESTABILITY = YES;
				ENABLE_USER_SCRIPT_SANDBOXING = YES;
				GCC_C_LANGUAGE_STANDARD = gnu17;
				GCC_DYNAMIC_NO_PIC = NO;
				GCC_NO_COMMON_BLOCKS = YES;
				GCC_OPTIMIZATION_LEVEL = 0;
				GCC_PREPROCESSOR_DEFINITIONS = (
					"DEBUG=1",
					"$(inherited)",
				);
				GCC_WARN_64_TO_32_BIT_CONVERSION = YES;
				GCC_WARN_ABOUT_RETURN_TYPE = YES_ERROR;
				GCC_WARN_UNDECLARED_SELECTOR = YES;
				GCC_WARN_UNINITIALIZED_AUTOS = YES_AGGRESSIVE;
				GCC_WARN_UNUSED_FUNCTION = YES;
				GCC_WARN_UNUSED_VARIABLE = YES;
				IPHONEOS_DEPLOYMENT_TARGET = 26.2;
				LOCALIZATION_PREFERS_STRING_CATALOGS = YES;
				MTL_ENABLE_DEBUG_INFO = INCLUDE_SOURCE;
				MTL_FAST_MATH = YES;
				ONLY_ACTIVE_ARCH = YES;
				SDKROOT = iphoneos;
				SWIFT_ACTIVE_COMPILATION_CONDITIONS = "DEBUG $(inherited)";
				SWIFT_OPTIMIZATION_LEVEL = "-Onone";
			};
			name = Debug;
		};
		4E4F37992F898627005EC9B5 /* Release */ = {
			isa = XCBuildConfiguration;
			buildSettings = {
				ALWAYS_SEARCH_USER_PATHS = NO;
				ASSETCATALOG_COMPILER_GENERATE_SWIFT_ASSET_SYMBOL_EXTENSIONS = YES;
				CLANG_ANALYZER_NONNULL = YES;
				CLANG_ANALYZER_NUMBER_OBJECT_CONVERSION = YES_AGGRESSIVE;
				CLANG_CXX_LANGUAGE_STANDARD = "gnu++20";
				CLANG_ENABLE_MODULES = YES;
				CLANG_ENABLE_OBJC_ARC = YES;
				CLANG_ENABLE_OBJC_WEAK = YES;
				CLANG_WARN_BLOCK_CAPTURE_AUTORELEASING = YES;
				CLANG_WARN_BOOL_CONVERSION = YES;
				CLANG_WARN_COMMA = YES;
				CLANG_WARN_CONSTANT_CONVERSION = YES;
				CLANG_WARN_DEPRECATED_OBJC_IMPLEMENTATIONS = YES;
				CLANG_WARN_DIRECT_OBJC_ISA_USAGE = YES_ERROR;
				CLANG_WARN_DOCUMENTATION_COMMENTS = YES;
				CLANG_WARN_EMPTY_BODY = YES;
				CLANG_WARN_ENUM_CONVERSION = YES;
				CLANG_WARN_INFINITE_RECURSION = YES;
				CLANG_WARN_INT_CONVERSION = YES;
				CLANG_WARN_NON_LITERAL_NULL_CONVERSION = YES;
				CLANG_WARN_OBJC_IMPLICIT_RETAIN_SELF = YES;
				CLANG_WARN_OBJC_LITERAL_CONVERSION = YES;
				CLANG_WARN_OBJC_ROOT_CLASS = YES_ERROR;
				CLANG_WARN_QUOTED_INCLUDE_IN_FRAMEWORK_HEADER = YES;
				CLANG_WARN_RANGE_LOOP_ANALYSIS = YES;
				CLANG_WARN_STRICT_PROTOTYPES = YES;
				CLANG_WARN_SUSPICIOUS_MOVE = YES;
				CLANG_WARN_UNGUARDED_AVAILABILITY = YES_AGGRESSIVE;
				CLANG_WARN_UNREACHABLE_CODE = YES;
				CLANG_WARN__DUPLICATE_METHOD_MATCH = YES;
				COPY_PHASE_STRIP = NO;
				DEBUG_INFORMATION_FORMAT = "dwarf-with-dsym";
				DEVELOPMENT_TEAM = R5N92QSPQ6;
				ENABLE_NS_ASSERTIONS = NO;
				ENABLE_STRICT_OBJC_MSGSEND = YES;
				ENABLE_USER_SCRIPT_SANDBOXING = YES;
				GCC_C_LANGUAGE_STANDARD = gnu17;
				GCC_NO_COMMON_BLOCKS = YES;
				GCC_WARN_64_TO_32_BIT_CONVERSION = YES;
				GCC_WARN_ABOUT_RETURN_TYPE = YES_ERROR;
				GCC_WARN_UNDECLARED_SELECTOR = YES;
				GCC_WARN_UNINITIALIZED_AUTOS = YES_AGGRESSIVE;
				GCC_WARN_UNUSED_FUNCTION = YES;
				GCC_WARN_UNUSED_VARIABLE = YES;
				IPHONEOS_DEPLOYMENT_TARGET = 26.2;
				LOCALIZATION_PREFERS_STRING_CATALOGS = YES;
				MTL_ENABLE_DEBUG_INFO = NO;
				MTL_FAST_MATH = YES;
				SDKROOT = iphoneos;
				SWIFT_COMPILATION_MODE = wholemodule;
				VALIDATE_PRODUCT = YES;
			};
			name = Release;
		};
		4E4F379B2F898627005EC9B5 /* Debug */ = {
			isa = XCBuildConfiguration;
			buildSettings = {
				ASSETCATALOG_COMPILER_APPICON_NAME = AppIcon;
				ASSETCATALOG_COMPILER_GLOBAL_ACCENT_COLOR_NAME = AccentColor;
				CODE_SIGN_ENTITLEMENTS = GIGI/GIGI.entitlements;
				CODE_SIGN_STYLE = Automatic;
				CURRENT_PROJECT_VERSION = 1;
				DEVELOPMENT_TEAM = R5N92QSPQ6;
				ENABLE_PREVIEWS = YES;
				GENERATE_INFOPLIST_FILE = YES;
				INFOPLIST_FILE = GIGI/Info.plist;
				INFOPLIST_KEY_NSContactsUsageDescription = "GIGI uses your contacts to resolve names and place calls.";
				INFOPLIST_KEY_NSMicrophoneUsageDescription = "GIGI needs the microphone to listen to your voice commands.";
				INFOPLIST_KEY_NSSiriUsageDescription = "GIGI needs Siri to comunicates whit the other app";
				INFOPLIST_KEY_UIApplicationSceneManifest_Generation = YES;
				INFOPLIST_KEY_UIApplicationSupportsIndirectInputEvents = YES;
				INFOPLIST_KEY_UILaunchScreen_Generation = YES;
				INFOPLIST_KEY_UISupportedInterfaceOrientations_iPad = "UIInterfaceOrientationPortrait UIInterfaceOrientationPortraitUpsideDown UIInterfaceOrientationLandscapeLeft UIInterfaceOrientationLandscapeRight";
				INFOPLIST_KEY_UISupportedInterfaceOrientations_iPhone = "UIInterfaceOrientationPortrait UIInterfaceOrientationLandscapeLeft UIInterfaceOrientationLandscapeRight";
				LD_RUNPATH_SEARCH_PATHS = (
					"$(inherited)",
					"@executable_path/Frameworks",
				);
				MARKETING_VERSION = 1.0;
				PRODUCT_BUNDLE_IDENTIFIER = com.killsiri.GIGI;
				PRODUCT_NAME = "$(TARGET_NAME)";
				STRING_CATALOG_GENERATE_SYMBOLS = YES;
				SWIFT_APPROACHABLE_CONCURRENCY = YES;
				SWIFT_DEFAULT_ACTOR_ISOLATION = MainActor;
				SWIFT_EMIT_LOC_STRINGS = YES;
				SWIFT_UPCOMING_FEATURE_MEMBER_IMPORT_VISIBILITY = YES;
				SWIFT_VERSION = 5.0;
				TARGETED_DEVICE_FAMILY = "1,2";
			};
			name = Debug;
		};
		4E4F379C2F898627005EC9B5 /* Release */ = {
			isa = XCBuildConfiguration;
			buildSettings = {
				ASSETCATALOG_COMPILER_APPICON_NAME = AppIcon;
				ASSETCATALOG_COMPILER_GLOBAL_ACCENT_COLOR_NAME = AccentColor;
				CODE_SIGN_ENTITLEMENTS = GIGI/GIGI.entitlements;
				CODE_SIGN_STYLE = Automatic;
				CURRENT_PROJECT_VERSION = 1;
				DEVELOPMENT_TEAM = R5N92QSPQ6;
				ENABLE_PREVIEWS = YES;
				GENERATE_INFOPLIST_FILE = YES;
				INFOPLIST_FILE = GIGI/Info.plist;
				INFOPLIST_KEY_NSContactsUsageDescription = "GIGI uses your contacts to resolve names and place calls.";
				INFOPLIST_KEY_NSMicrophoneUsageDescription = "GIGI needs the microphone to listen to your voice commands.";
				INFOPLIST_KEY_NSSiriUsageDescription = "GIGI needs Siri to comunicates whit the other app";
				INFOPLIST_KEY_UIApplicationSceneManifest_Generation = YES;
				INFOPLIST_KEY_UIApplicationSupportsIndirectInputEvents = YES;
				INFOPLIST_KEY_UILaunchScreen_Generation = YES;
				INFOPLIST_KEY_UISupportedInterfaceOrientations_iPad = "UIInterfaceOrientationPortrait UIInterfaceOrientationPortraitUpsideDown UIInterfaceOrientationLandscapeLeft UIInterfaceOrientationLandscapeRight";
				INFOPLIST_KEY_UISupportedInterfaceOrientations_iPhone = "UIInterfaceOrientationPortrait UIInterfaceOrientationLandscapeLeft UIInterfaceOrientationLandscapeRight";
				LD_RUNPATH_SEARCH_PATHS = (
					"$(inherited)",
					"@executable_path/Frameworks",
				);
				MARKETING_VERSION = 1.0;
				PRODUCT_BUNDLE_IDENTIFIER = com.killsiri.GIGI;
				PRODUCT_NAME = "$(TARGET_NAME)";
				STRING_CATALOG_GENERATE_SYMBOLS = YES;
				SWIFT_APPROACHABLE_CONCURRENCY = YES;
				SWIFT_DEFAULT_ACTOR_ISOLATION = MainActor;
				SWIFT_EMIT_LOC_STRINGS = YES;
				SWIFT_UPCOMING_FEATURE_MEMBER_IMPORT_VISIBILITY = YES;
				SWIFT_VERSION = 5.0;
				TARGETED_DEVICE_FAMILY = "1,2";
			};
			name = Release;
		};
		4EDB52132F8FA12E003DC578 /* Debug */ = {
			isa = XCBuildConfiguration;
			buildSettings = {
				CODE_SIGN_STYLE = Automatic;
				CURRENT_PROJECT_VERSION = 1;
				DEVELOPMENT_TEAM = R5N92QSPQ6;
				GENERATE_INFOPLIST_FILE = YES;
				INFOPLIST_FILE = GigiIntents/Info.plist;
				INFOPLIST_KEY_CFBundleDisplayName = GigiIntents;
				INFOPLIST_KEY_NSHumanReadableCopyright = "";
				LD_RUNPATH_SEARCH_PATHS = (
					"$(inherited)",
					"@executable_path/Frameworks",
					"@executable_path/../../Frameworks",
				);
				MARKETING_VERSION = 1.0;
				PRODUCT_BUNDLE_IDENTIFIER = com.killsiri.GIGI.GigiIntents;
				PRODUCT_NAME = "$(TARGET_NAME)";
				SKIP_INSTALL = YES;
				STRING_CATALOG_GENERATE_SYMBOLS = YES;
				SWIFT_APPROACHABLE_CONCURRENCY = YES;
				SWIFT_EMIT_LOC_STRINGS = YES;
				SWIFT_UPCOMING_FEATURE_MEMBER_IMPORT_VISIBILITY = YES;
				SWIFT_VERSION = 5.0;
				TARGETED_DEVICE_FAMILY = "1,2";
			};
			name = Debug;
		};
		4EDB52142F8FA12E003DC578 /* Release */ = {
			isa = XCBuildConfiguration;
			buildSettings = {
				CODE_SIGN_STYLE = Automatic;
				CURRENT_PROJECT_VERSION = 1;
				DEVELOPMENT_TEAM = R5N92QSPQ6;
				GENERATE_INFOPLIST_FILE = YES;
				INFOPLIST_FILE = GigiIntents/Info.plist;
				INFOPLIST_KEY_CFBundleDisplayName = GigiIntents;
				INFOPLIST_KEY_NSHumanReadableCopyright = "";
				LD_RUNPATH_SEARCH_PATHS = (
					"$(inherited)",
					"@executable_path/Frameworks",
					"@executable_path/../../Frameworks",
				);
				MARKETING_VERSION = 1.0;
				PRODUCT_BUNDLE_IDENTIFIER = com.killsiri.GIGI.GigiIntents;
				PRODUCT_NAME = "$(TARGET_NAME)";
				SKIP_INSTALL = YES;
				STRING_CATALOG_GENERATE_SYMBOLS = YES;
				SWIFT_APPROACHABLE_CONCURRENCY = YES;
				SWIFT_EMIT_LOC_STRINGS = YES;
				SWIFT_UPCOMING_FEATURE_MEMBER_IMPORT_VISIBILITY = YES;
				SWIFT_VERSION = 5.0;
				TARGETED_DEVICE_FAMILY = "1,2";
			};
			name = Release;
		};
/* End XCBuildConfiguration section */

/* Begin XCConfigurationList section */
		4E4F378A2F898626005EC9B5 /* Build configuration list for PBXProject "GIGI" */ = {
			isa = XCConfigurationList;
			buildConfigurations = (
				4E4F37982F898627005EC9B5 /* Debug */,
				4E4F37992F898627005EC9B5 /* Release */,
			);
			defaultConfigurationIsVisible = 0;
			defaultConfigurationName = Release;
		};
		4E4F379A2F898627005EC9B5 /* Build configuration list for PBXNativeTarget "GIGI" */ = {
			isa = XCConfigurationList;
			buildConfigurations = (
				4E4F379B2F898627005EC9B5 /* Debug */,
				4E4F379C2F898627005EC9B5 /* Release */,
			);
			defaultConfigurationIsVisible = 0;
			defaultConfigurationName = Release;
		};
		4EDB52122F8FA12E003DC578 /* Build configuration list for PBXNativeTarget "GigiIntents" */ = {
			isa = XCConfigurationList;
			buildConfigurations = (
				4EDB52132F8FA12E003DC578 /* Debug */,
				4EDB52142F8FA12E003DC578 /* Release */,
			);
			defaultConfigurationIsVisible = 0;
			defaultConfigurationName = Release;
		};
/* End XCConfigurationList section */

/* Begin XCRemoteSwiftPackageReference section */
		4ECB0A2D2F8D7731009066DD /* XCRemoteSwiftPackageReference "GoogleSignIn-iOS" */ = {
			isa = XCRemoteSwiftPackageReference;
			repositoryURL = "https://github.com/google/GoogleSignIn-iOS";
			requirement = {
				kind = upToNextMajorVersion;
				minimumVersion = 9.1.0;
			};
		};
/* End XCRemoteSwiftPackageReference section */

/* Begin XCSwiftPackageProductDependency section */
		4ECB0A452F8D84C9009066DD /* GoogleSignIn */ = {
			isa = XCSwiftPackageProductDependency;
			package = 4ECB0A2D2F8D7731009066DD /* XCRemoteSwiftPackageReference "GoogleSignIn-iOS" */;
			productName = GoogleSignIn;
		};
/* End XCSwiftPackageProductDependency section */
	};
	rootObject = 4E4F37872F898626005EC9B5 /* Project object */;
}
